// !$*UTF8*$!
{
	archiveVersion = 1;
	classes = {
	};
	objectVersion = 51;
	objects = {

/* Begin PBXBuildFile section */
		4D221B1B26AFA137004C1D2D /* HarrisPrefsController.m in Sources */ = {isa = PBXBuildFile; fileRef = 922F5F5221B8D464001FC1FF /* HarrisPrefsController.m */; };
		4D23208725D79FA0002F27C3 /* PublishController.m in Sources */ = {isa = PBXBuildFile; fileRef = 922E8E7721BF4CBD00552383 /* PublishController.m */; };
		4D23208825D79FD7002F27C3 /* DownloadController.m in Sources */ = {isa = PBXBuildFile; fileRef = 922F5F6321BE1CC2001FC1FF /* DownloadController.m */; };
		4D23208925D7A00A002F27C3 /* SearchController.m in Sources */ = {isa = PBXBuildFile; fileRef = 922E8E7421BE509300552383 /* SearchController.m */; };
		4D23208A25D7A00A002F27C3 /* PreviewController.m in Sources */ = {isa = PBXBuildFile; fileRef = 922E8E7A21BF6E3600552383 /* PreviewController.m */; };
		4D23208B25D7A00A002F27C3 /* BrowseActionListener.m in Sources */ = {isa = PBXBuildFile; fileRef = 922F5F4E21B8D464001FC1FF /* BrowseActionListener.m */; };
		4D23208C25D7A00A002F27C3 /* Harris.m in Sources */ = {isa = PBXBuildFile; fileRef = 922F5F5021B8D464001FC1FF /* Harris.m */; };
		4D23208E25D7A00A002F27C3 /* SearchTable.m in Sources */ = {isa = PBXBuildFile; fileRef = 927A130B21C9F580007E88D9 /* SearchTable.m */; };
		4D23209025D7A028002F27C3 /* Main.storyboard in Resources */ = {isa = PBXBuildFile; fileRef = 92C2CF2A21B8D3CC00EABD49 /* Main.storyboard */; };
		4D23209125D7A02B002F27C3 /* Assets.xcassets in Resources */ = {isa = PBXBuildFile; fileRef = 92C2CF2821B8D3CC00EABD49 /* Assets.xcassets */; };
		4D3E21F525D7ACBC005A3815 /* AppDelegate.m in Sources */ = {isa = PBXBuildFile; fileRef = 92C2CF2021B8D3CC00EABD49 /* AppDelegate.m */; };
		4D3E21F625D7ACFC005A3815 /* main.m in Sources */ = {isa = PBXBuildFile; fileRef = 92C2CF2321B8D3CC00EABD49 /* main.m */; };
		4D8BBA9A26BB9A6A00F35D30 /* QTKit.framework in Frameworks */ = {isa = PBXBuildFile; fileRef = 4D8BBA8B26BB900200F35D30 /* QTKit.framework */; };
		4D8BBA9B26BB9D0300F35D30 /* PGSQLKit.framework in Frameworks */ = {isa = PBXBuildFile; fileRef = 4D5B44BE26BB8F1D000F8B27 /* PGSQLKit.framework */; };
		4D8BBAA126BBA4BA00F35D30 /* PGSQLKit.framework in CopyFiles */ = {isa = PBXBuildFile; fileRef = 4D5B44BE26BB8F1D000F8B27 /* PGSQLKit.framework */; settings = {ATTRIBUTES = (RemoveHeadersOnCopy, ); }; };
		4D9CCA8325D7E0580003DF13 /* libcurl.4.dylib in Frameworks */ = {isa = PBXBuildFile; fileRef = 4D9CCA8225D7E0580003DF13 /* libcurl.4.dylib */; };
/* End PBXBuildFile section */

/* Begin PBXCopyFilesBuildPhase section */
		4D8BBA9F26BBA4A100F35D30 /* CopyFiles */ = {
			isa = PBXCopyFilesBuildPhase;
			buildActionMask = 2147483647;
			dstPath = "";
			dstSubfolderSpec = 10;
			files = (
				4D8BBAA126BBA4BA00F35D30 /* PGSQLKit.framework in CopyFiles */,
			);
			runOnlyForDeploymentPostprocessing = 0;
		};
/* End PBXCopyFilesBuildPhase section */

/* Begin PBXFileReference section */
		4D221B1C26AFE8FF004C1D2D /* CifsDoctor.h */ = {isa = PBXFileReference; lastKnownFileType = sourcecode.c.h; name = CifsDoctor.h; path = mHarris/CifsDoctor.h; sourceTree = "<group>"; };
		4D221B1D26AFE8FF004C1D2D /* CifsDoctor.m */ = {isa = PBXFileReference; lastKnownFileType = sourcecode.c.objc; name = CifsDoctor.m; path = mHarris/CifsDoctor.m; sourceTree = "<group>"; };
		4D23207125D799A5002F27C3 /* mHarris.app */ = {isa = PBXFileReference; lastKnownFileType = wrapper.application; name = mHarris.app; path = DerivedData/mHarris/Build/Products/Release/mHarris.app; sourceTree = "<group>"; };
		4D23207725D79F92002F27C3 /* mHarris.app */ = {isa = PBXFileReference; explicitFileType = wrapper.application; includeInIndex = 0; path = mHarris.app; sourceTree = BUILT_PRODUCTS_DIR; };
		4D5B44BE26BB8F1D000F8B27 /* PGSQLKit.framework */ = {isa = PBXFileReference; lastKnownFileType = wrapper.framework; name = PGSQLKit.framework; path = ../PGSQLKit.framework; sourceTree = "<group>"; };
		4D8BBA8B26BB900200F35D30 /* QTKit.framework */ = {isa = PBXFileReference; lastKnownFileType = wrapper.framework; name = QTKit.framework; path = ../QTKit.framework; sourceTree = "<group>"; };
		4D9CCA8225D7E0580003DF13 /* libcurl.4.dylib */ = {isa = PBXFileReference; lastKnownFileType = "compiled.mach-o.dylib"; name = libcurl.4.dylib; path = ../../../../../usr/lib/libcurl.4.dylib; sourceTree = "<group>"; };
		922E8E7321BE509300552383 /* SearchController.h */ = {isa = PBXFileReference; fileEncoding = 4; lastKnownFileType = sourcecode.c.h; name = SearchController.h; path = mHarris/SearchController.h; sourceTree = "<group>"; };
		922E8E7421BE509300552383 /* SearchController.m */ = {isa = PBXFileReference; fileEncoding = 4; lastKnownFileType = sourcecode.c.objc; name = SearchController.m; path = mHarris/SearchController.m; sourceTree = "<group>"; };
		922E8E7621BF4CBD00552383 /* PublishController.h */ = {isa = PBXFileReference; fileEncoding = 4; lastKnownFileType = sourcecode.c.h; name = PublishController.h; path = mHarris/PublishController.h; sourceTree = "<group>"; };
		922E8E7721BF4CBD00552383 /* PublishController.m */ = {isa = PBXFileReference; fileEncoding = 4; lastKnownFileType = sourcecode.c.objc; name = PublishController.m; path = mHarris/PublishController.m; sourceTree = "<group>"; };
		922E8E7921BF6E3600552383 /* PreviewController.h */ = {isa = PBXFileReference; fileEncoding = 4; lastKnownFileType = sourcecode.c.h; name = PreviewController.h; path = mHarris/PreviewController.h; sourceTree = "<group>"; };
		922E8E7A21BF6E3600552383 /* PreviewController.m */ = {isa = PBXFileReference; fileEncoding = 4; lastKnownFileType = sourcecode.c.objc; name = PreviewController.m; path = mHarris/PreviewController.m; sourceTree = "<group>"; };
		922F5F4D21B8D464001FC1FF /* BrowseActionListener.h */ = {isa = PBXFileReference; fileEncoding = 4; lastKnownFileType = sourcecode.c.h; name = BrowseActionListener.h; path = mHarris/BrowseActionListener.h; sourceTree = "<group>"; };
		922F5F4E21B8D464001FC1FF /* BrowseActionListener.m */ = {isa = PBXFileReference; fileEncoding = 4; lastKnownFileType = sourcecode.c.objc; name = BrowseActionListener.m; path = mHarris/BrowseActionListener.m; sourceTree = "<group>"; };
		922F5F4F21B8D464001FC1FF /* Harris.h */ = {isa = PBXFileReference; fileEncoding = 4; lastKnownFileType = sourcecode.c.h; name = Harris.h; path = mHarris/Harris.h; sourceTree = "<group>"; };
		922F5F5021B8D464001FC1FF /* Harris.m */ = {isa = PBXFileReference; fileEncoding = 4; lastKnownFileType = sourcecode.c.objc; name = Harris.m; path = mHarris/Harris.m; sourceTree = "<group>"; };
		922F5F5121B8D464001FC1FF /* HarrisPrefsController.h */ = {isa = PBXFileReference; fileEncoding = 4; lastKnownFileType = sourcecode.c.h; name = HarrisPrefsController.h; path = mHarris/HarrisPrefsController.h; sourceTree = "<group>"; };
		922F5F5221B8D464001FC1FF /* HarrisPrefsController.m */ = {isa = PBXFileReference; fileEncoding = 4; lastKnownFileType = sourcecode.c.objc; name = HarrisPrefsController.m; path = mHarris/HarrisPrefsController.m; sourceTree = "<group>"; };
		922F5F5321B8D464001FC1FF /* mHarris.entitlements */ = {isa = PBXFileReference; fileEncoding = 4; lastKnownFileType = text.plist.entitlements; name = mHarris.entitlements; path = mHarris/mHarris.entitlements; sourceTree = "<group>"; };
		922F5F6221BE1CC2001FC1FF /* DownloadController.h */ = {isa = PBXFileReference; fileEncoding = 4; lastKnownFileType = sourcecode.c.h; name = DownloadController.h; path = mHarris/DownloadController.h; sourceTree = "<group>"; };
		922F5F6321BE1CC2001FC1FF /* DownloadController.m */ = {isa = PBXFileReference; fileEncoding = 4; lastKnownFileType = sourcecode.c.objc; name = DownloadController.m; path = mHarris/DownloadController.m; sourceTree = "<group>"; };
		9273336E21E8195A001B1600 /* MHPlayerView.h */ = {isa = PBXFileReference; fileEncoding = 4; lastKnownFileType = sourcecode.c.h; path = MHPlayerView.h; sourceTree = "<group>"; };
		9273336F21E8195A001B1600 /* MHPlayerView.m */ = {isa = PBXFileReference; fileEncoding = 4; lastKnownFileType = sourcecode.c.objc; path = MHPlayerView.m; sourceTree = "<group>"; };
		927A130A21C9F580007E88D9 /* SearchTable.h */ = {isa = PBXFileReference; fileEncoding = 4; lastKnownFileType = sourcecode.c.h; name = SearchTable.h; path = mHarris/SearchTable.h; sourceTree = "<group>"; };
		927A130B21C9F580007E88D9 /* SearchTable.m */ = {isa = PBXFileReference; fileEncoding = 4; lastKnownFileType = sourcecode.c.objc; name = SearchTable.m; path = mHarris/SearchTable.m; sourceTree = "<group>"; };
		92C2CF1F21B8D3CC00EABD49 /* AppDelegate.h */ = {isa = PBXFileReference; lastKnownFileType = sourcecode.c.h; name = AppDelegate.h; path = mHarris/AppDelegate.h; sourceTree = SOURCE_ROOT; };
		92C2CF2021B8D3CC00EABD49 /* AppDelegate.m */ = {isa = PBXFileReference; lastKnownFileType = sourcecode.c.objc; name = AppDelegate.m; path = mHarris/AppDelegate.m; sourceTree = SOURCE_ROOT; };
		92C2CF2321B8D3CC00EABD49 /* main.m */ = {isa = PBXFileReference; lastKnownFileType = sourcecode.c.objc; name = main.m; path = mHarris/main.m; sourceTree = "<group>"; };
		92C2CF2821B8D3CC00EABD49 /* Assets.xcassets */ = {isa = PBXFileReference; lastKnownFileType = folder.assetcatalog; name = Assets.xcassets; path = mHarris/Assets.xcassets; sourceTree = "<group>"; };
		92C2CF2B21B8D3CC00EABD49 /* Base */ = {isa = PBXFileReference; lastKnownFileType = file.storyboard; name = Base; path = Base.lproj/Main.storyboard; sourceTree = "<group>"; };
		92C2CF2D21B8D3CC00EABD49 /* Info.plist */ = {isa = PBXFileReference; lastKnownFileType = text.plist.xml; name = Info.plist; path = mHarris/Info.plist; sourceTree = "<group>"; };
/* End PBXFileReference section */

/* Begin PBXFrameworksBuildPhase section */
		4D23207425D79F92002F27C3 /* Frameworks */ = {
			isa = PBXFrameworksBuildPhase;
			buildActionMask = 2147483647;
			files = (
				4D8BBA9B26BB9D0300F35D30 /* PGSQLKit.framework in Frameworks */,
				4D9CCA8325D7E0580003DF13 /* libcurl.4.dylib in Frameworks */,
				4D8BBA9A26BB9A6A00F35D30 /* QTKit.framework in Frameworks */,
			);
			runOnlyForDeploymentPostprocessing = 0;
		};
/* End PBXFrameworksBuildPhase section */

/* Begin PBXGroup section */
		922F5F5A21B8D51A001FC1FF /* Frameworks */ = {
			isa = PBXGroup;
			children = (
				4D8BBA8B26BB900200F35D30 /* QTKit.framework */,
				4D5B44BE26BB8F1D000F8B27 /* PGSQLKit.framework */,
				4D9CCA8225D7E0580003DF13 /* libcurl.4.dylib */,
			);
			name = Frameworks;
			sourceTree = SOURCE_ROOT;
		};
		92C2CF1321B8D3CA00EABD49 = {
			isa = PBXGroup;
			children = (
				4D23207125D799A5002F27C3 /* mHarris.app */,
				92C2CF1E21B8D3CC00EABD49 /* mHarris */,
				92C2CF1D21B8D3CC00EABD49 /* Products */,
				922F5F5A21B8D51A001FC1FF /* Frameworks */,
			);
			sourceTree = "<group>";
		};
		92C2CF1D21B8D3CC00EABD49 /* Products */ = {
			isa = PBXGroup;
			children = (
				4D23207725D79F92002F27C3 /* mHarris.app */,
			);
			name = Products;
			sourceTree = "<group>";
		};
		92C2CF1E21B8D3CC00EABD49 /* mHarris */ = {
			isa = PBXGroup;
			children = (
				92C2CF2321B8D3CC00EABD49 /* main.m */,
				9273336E21E8195A001B1600 /* MHPlayerView.h */,
				9273336F21E8195A001B1600 /* MHPlayerView.m */,
				92C2CF1F21B8D3CC00EABD49 /* AppDelegate.h */,
				92C2CF2021B8D3CC00EABD49 /* AppDelegate.m */,
				922E8E7621BF4CBD00552383 /* PublishController.h */,
				922E8E7721BF4CBD00552383 /* PublishController.m */,
				922F5F6221BE1CC2001FC1FF /* DownloadController.h */,
				922F5F6321BE1CC2001FC1FF /* DownloadController.m */,
				922E8E7321BE509300552383 /* SearchController.h */,
				922E8E7421BE509300552383 /* SearchController.m */,
				92C2CF2821B8D3CC00EABD49 /* Assets.xcassets */,
				92C2CF2A21B8D3CC00EABD49 /* Main.storyboard */,
				4D221B1C26AFE8FF004C1D2D /* CifsDoctor.h */,
				4D221B1D26AFE8FF004C1D2D /* CifsDoctor.m */,
				922E8E7921BF6E3600552383 /* PreviewController.h */,
				922E8E7A21BF6E3600552383 /* PreviewController.m */,
				922F5F4D21B8D464001FC1FF /* BrowseActionListener.h */,
				922F5F4E21B8D464001FC1FF /* BrowseActionListener.m */,
				922F5F4F21B8D464001FC1FF /* Harris.h */,
				922F5F5021B8D464001FC1FF /* Harris.m */,
				922F5F5121B8D464001FC1FF /* HarrisPrefsController.h */,
				922F5F5221B8D464001FC1FF /* HarrisPrefsController.m */,
				922F5F5321B8D464001FC1FF /* mHarris.entitlements */,
				92C2CF2D21B8D3CC00EABD49 /* Info.plist */,
				927A130A21C9F580007E88D9 /* SearchTable.h */,
				927A130B21C9F580007E88D9 /* SearchTable.m */,
			);
			name = mHarris;
			sourceTree = "<group>";
		};
/* End PBXGroup section */

/* Begin PBXNativeTarget section */
		4D23207625D79F92002F27C3 /* mHarris */ = {
			isa = PBXNativeTarget;
			buildConfigurationList = 4D23208325D79F92002F27C3 /* Build configuration list for PBXNativeTarget "mHarris" */;
			buildPhases = (
				4D23207325D79F92002F27C3 /* Sources */,
				4D23207425D79F92002F27C3 /* Frameworks */,
				4D23207525D79F92002F27C3 /* Resources */,
				4D8BBA9F26BBA4A100F35D30 /* CopyFiles */,
			);
			buildRules = (
			);
			dependencies = (
			);
			name = mHarris;
			productName = mHarris;
			productReference = 4D23207725D79F92002F27C3 /* mHarris.app */;
			productType = "com.apple.product-type.application";
		};
/* End PBXNativeTarget section */

/* Begin PBXProject section */
		92C2CF1421B8D3CA00EABD49 /* Project object */ = {
			isa = PBXProject;
			attributes = {
				LastUpgradeCheck = 1010;
				ORGANIZATIONNAME = nine;
				TargetAttributes = {
					4D23207625D79F92002F27C3 = {
						CreatedOnToolsVersion = 10.1;
						ProvisioningStyle = Automatic;
					};
				};
			};
			buildConfigurationList = 92C2CF1721B8D3CA00EABD49 /* Build configuration list for PBXProject "mHarris" */;
			compatibilityVersion = "Xcode 10.0";
			developmentRegion = English;
			hasScannedForEncodings = 0;
			knownRegions = (
				en,
				Base,
			);
			mainGroup = 92C2CF1321B8D3CA00EABD49;
			productRefGroup = 92C2CF1D21B8D3CC00EABD49 /* Products */;
			projectDirPath = "";
			projectRoot = "";
			targets = (
				4D23207625D79F92002F27C3 /* mHarris */,
			);
		};
/* End PBXProject section */

/* Begin PBXResourcesBuildPhase section */
		4D23207525D79F92002F27C3 /* Resources */ = {
			isa = PBXResourcesBuildPhase;
			buildActionMask = 2147483647;
			files = (
				4D23209125D7A02B002F27C3 /* Assets.xcassets in Resources */,
				4D23209025D7A028002F27C3 /* Main.storyboard in Resources */,
			);
			runOnlyForDeploymentPostprocessing = 0;
		};
/* End PBXResourcesBuildPhase section */

/* Begin PBXSourcesBuildPhase section */
		4D23207325D79F92002F27C3 /* Sources */ = {
			isa = PBXSourcesBuildPhase;
			buildActionMask = 2147483647;
			files = (
				4D23208725D79FA0002F27C3 /* PublishController.m in Sources */,
				4D221B1B26AFA137004C1D2D /* HarrisPrefsController.m in Sources */,
				4D23208A25D7A00A002F27C3 /* PreviewController.m in Sources */,
				4D23208C25D7A00A002F27C3 /* Harris.m in Sources */,
				4D23208925D7A00A002F27C3 /* SearchController.m in Sources */,
				4D23208E25D7A00A002F27C3 /* SearchTable.m in Sources */,
				4D3E21F525D7ACBC005A3815 /* AppDelegate.m in Sources */,
				4D23208825D79FD7002F27C3 /* DownloadController.m in Sources */,
				4D3E21F625D7ACFC005A3815 /* main.m in Sources */,
				4D23208B25D7A00A002F27C3 /* BrowseActionListener.m in Sources */,
			);
			runOnlyForDeploymentPostprocessing = 0;
		};
/* End PBXSourcesBuildPhase section */

/* Begin PBXVariantGroup section */
		92C2CF2A21B8D3CC00EABD49 /* Main.storyboard */ = {
			isa = PBXVariantGroup;
			children = (
				92C2CF2B21B8D3CC00EABD49 /* Base */,
			);
			name = Main.storyboard;
			path = mHarris;
			sourceTree = "<group>";
		};
/* End PBXVariantGroup section */

/* Begin XCBuildConfiguration section */
		4D23208425D79F92002F27C3 /* Debug */ = {
			isa = XCBuildConfiguration;
			buildSettings = {
				ASSETCATALOG_COMPILER_APPICON_NAME = AppIcon;
				CLANG_ALLOW_NON_MODULAR_INCLUDES_IN_FRAMEWORK_MODULES = YES;
				CLANG_ANALYZER_NUMBER_OBJECT_CONVERSION = YES_AGGRESSIVE;
				CLANG_CXX_LANGUAGE_STANDARD = "gnu++14";
				CLANG_ENABLE_OBJC_WEAK = YES;
				CLANG_WARN_DOCUMENTATION_COMMENTS = NO;
				CLANG_WARN_UNGUARDED_AVAILABILITY = YES_AGGRESSIVE;
				CODE_SIGN_ENTITLEMENTS = "";
				CODE_SIGN_IDENTITY = "";
				CODE_SIGN_INJECT_BASE_ENTITLEMENTS = NO;
				CODE_SIGN_STYLE = Manual;
				COMBINE_HIDPI_IMAGES = YES;
				FRAMEWORK_SEARCH_PATHS = "/Users/mark/Documents/20190204-iHarris/";
				GCC_C_LANGUAGE_STANDARD = gnu11;
				GCC_WARN_ABOUT_DEPRECATED_FUNCTIONS = NO;
				"HEADER_SEARCH_PATHS[arch=*]" = "/Users/mark/Documents/20190204-iHarris/**";
				INFOPLIST_FILE = mHarris/Info.plist;
				LD_GENERATE_MAP_FILE = YES;
				"LD_RUNPATH_SEARCH_PATHS[arch=*]" = "@executable_path/../";
				MACOSX_DEPLOYMENT_TARGET = 10.11;
				MTL_ENABLE_DEBUG_INFO = INCLUDE_SOURCE;
				MTL_FAST_MATH = YES;
				PRODUCT_BUNDLE_IDENTIFIER = com.nine.gtv.mHarris;
				PRODUCT_NAME = "$(TARGET_NAME)";
				SCAN_ALL_SOURCE_FILES_FOR_INCLUDES = YES;
				SDKROOT = macosx10.11;
				USE_HEADERMAP = NO;
			};
			name = Debug;
		};
		4D23208525D79F92002F27C3 /* Release */ = {
			isa = XCBuildConfiguration;
			buildSettings = {
				ASSETCATALOG_COMPILER_APPICON_NAME = AppIcon;
				CLANG_ANALYZER_NUMBER_OBJECT_CONVERSION = YES_AGGRESSIVE;
				CLANG_CXX_LANGUAGE_STANDARD = "gnu++14";
				CLANG_ENABLE_OBJC_WEAK = YES;
				CLANG_WARN_DOCUMENTATION_COMMENTS = NO;
				CLANG_WARN_UNGUARDED_AVAILABILITY = YES_AGGRESSIVE;
				CODE_SIGN_ENTITLEMENTS = "";
				CODE_SIGN_IDENTITY = "";
				CODE_SIGN_INJECT_BASE_ENTITLEMENTS = NO;
				CODE_SIGN_STYLE = Manual;
				COMBINE_HIDPI_IMAGES = YES;
				FRAMEWORK_SEARCH_PATHS = "/Users/mark/Documents/20190204-iHarris/";
				GCC_C_LANGUAGE_STANDARD = gnu11;
				GCC_WARN_ABOUT_DEPRECATED_FUNCTIONS = NO;
				"HEADER_SEARCH_PATHS[arch=*]" = "/Users/mark/Documents/20190204-iHarris/**";
				INFOPLIST_FILE = mHarris/Info.plist;
				LD_GENERATE_MAP_FILE = YES;
				"LD_RUNPATH_SEARCH_PATHS[arch=*]" = "@executable_path/../";
				MACOSX_DEPLOYMENT_TARGET = 10.11;
				MTL_FAST_MATH = YES;
				PRODUCT_BUNDLE_IDENTIFIER = com.nine.gtv.mHarris;
				PRODUCT_NAME = "$(TARGET_NAME)";
				SCAN_ALL_SOURCE_FILES_FOR_INCLUDES = YES;
				SDKROOT = macosx10.11;
				USE_HEADERMAP = NO;
			};
			name = Release;
		};
		92C2CF2E21B8D3CC00EABD49 /* Debug */ = {
			isa = XCBuildConfiguration;
			buildSettings = {
				"ADDITIONAL_SDKS[arch=*]" = "";
				ALWAYS_SEARCH_USER_PATHS = NO;
				"CLANG_ALLOW_NON_MODULAR_INCLUDES_IN_FRAMEWORK_MODULES[arch=*]" = YES;
				CLANG_ANALYZER_NONNULL = YES;
				CLANG_CXX_LANGUAGE_STANDARD = "gnu++0x";
				CLANG_CXX_LIBRARY = "libc++";
				CLANG_ENABLE_MODULES = YES;
				CLANG_ENABLE_OBJC_ARC = YES;
				CLANG_WARN_BLOCK_CAPTURE_AUTORELEASING = YES;
				CLANG_WARN_BOOL_CONVERSION = YES;
				CLANG_WARN_COMMA = YES;
				CLANG_WARN_CONSTANT_CONVERSION = YES;
				CLANG_WARN_DEPRECATED_OBJC_IMPLEMENTATIONS = YES;
				CLANG_WARN_DIRECT_OBJC_ISA_USAGE = YES_ERROR;
				CLANG_WARN_DOCUMENTATION_COMMENTS = NO;
				CLANG_WARN_EMPTY_BODY = YES;
				CLANG_WARN_ENUM_CONVERSION = YES;
				CLANG_WARN_INFINITE_RECURSION = YES;
				CLANG_WARN_INT_CONVERSION = YES;
				CLANG_WARN_NON_LITERAL_NULL_CONVERSION = YES;
				CLANG_WARN_OBJC_IMPLICIT_RETAIN_SELF = YES;
				CLANG_WARN_OBJC_LITERAL_CONVERSION = YES;
				CLANG_WARN_OBJC_ROOT_CLASS = YES_ERROR;
				CLANG_WARN_RANGE_LOOP_ANALYSIS = YES;
				CLANG_WARN_STRICT_PROTOTYPES = YES;
				CLANG_WARN_SUSPICIOUS_MOVE = YES;
				CLANG_WARN_UNREACHABLE_CODE = YES;
				CLANG_WARN__DUPLICATE_METHOD_MATCH = YES;
				CODE_SIGN_IDENTITY = "-";
				COPY_PHASE_STRIP = NO;
				DEBUG_INFORMATION_FORMAT = dwarf;
				ENABLE_STRICT_OBJC_MSGSEND = YES;
				ENABLE_TESTABILITY = YES;
				"FRAMEWORK_SEARCH_PATHS[arch=*]" = /Library/Frameworks/;
				GCC_C_LANGUAGE_STANDARD = gnu99;
				GCC_DYNAMIC_NO_PIC = NO;
				GCC_NO_COMMON_BLOCKS = YES;
				GCC_OPTIMIZATION_LEVEL = 0;
				GCC_PREPROCESSOR_DEFINITIONS = (
					"DEBUG=1",
					"$(inherited)",
				);
				GCC_WARN_64_TO_32_BIT_CONVERSION = YES;
				GCC_WARN_ABOUT_RETURN_TYPE = YES_ERROR;
				GCC_WARN_UNDECLARED_SELECTOR = YES;
				GCC_WARN_UNINITIALIZED_AUTOS = YES_AGGRESSIVE;
				GCC_WARN_UNUSED_FUNCTION = YES;
				GCC_WARN_UNUSED_VARIABLE = YES;
				"HEADER_SEARCH_PATHS[arch=*]" = "";
				MACOSX_DEPLOYMENT_TARGET = 10.11;
				MTL_ENABLE_DEBUG_INFO = YES;
				ONLY_ACTIVE_ARCH = YES;
				SDKROOT = macosx;
				"SYSTEM_FRAMEWORK_SEARCH_PATHS[arch=*]" = "";
			};
			name = Debug;
		};
		92C2CF2F21B8D3CC00EABD49 /* Release */ = {
			isa = XCBuildConfiguration;
			buildSettings = {
				"ADDITIONAL_SDKS[arch=*]" = "";
				ALWAYS_SEARCH_USER_PATHS = NO;
				CLANG_ALLOW_NON_MODULAR_INCLUDES_IN_FRAMEWORK_MODULES = YES;
				"CLANG_ALLOW_NON_MODULAR_INCLUDES_IN_FRAMEWORK_MODULES[arch=*]" = YES;
				CLANG_ANALYZER_NONNULL = YES;
				CLANG_CXX_LANGUAGE_STANDARD = "gnu++0x";
				CLANG_CXX_LIBRARY = "libc++";
				CLANG_ENABLE_MODULES = YES;
				CLANG_ENABLE_OBJC_ARC = YES;
				CLANG_WARN_BLOCK_CAPTURE_AUTORELEASING = YES;
				CLANG_WARN_BOOL_CONVERSION = YES;
				CLANG_WARN_COMMA = YES;
				CLANG_WARN_CONSTANT_CONVERSION = YES;
				CLANG_WARN_DEPRECATED_OBJC_IMPLEMENTATIONS = YES;
				CLANG_WARN_DIRECT_OBJC_ISA_USAGE = YES_ERROR;
				CLANG_WARN_DOCUMENTATION_COMMENTS = NO;
				CLANG_WARN_EMPTY_BODY = YES;
				CLANG_WARN_ENUM_CONVERSION = YES;
				CLANG_WARN_INFINITE_RECURSION = YES;
				CLANG_WARN_INT_CONVERSION = YES;
				CLANG_WARN_NON_LITERAL_NULL_CONVERSION = YES;
				CLANG_WARN_OBJC_IMPLICIT_RETAIN_SELF = YES;
				CLANG_WARN_OBJC_LITERAL_CONVERSION = YES;
				CLANG_WARN_OBJC_ROOT_CLASS = YES_ERROR;
				CLANG_WARN_RANGE_LOOP_ANALYSIS = YES;
				CLANG_WARN_STRICT_PROTOTYPES = YES;
				CLANG_WARN_SUSPICIOUS_MOVE = YES;
				CLANG_WARN_UNREACHABLE_CODE = YES;
				CLANG_WARN__DUPLICATE_METHOD_MATCH = YES;
				CODE_SIGN_IDENTITY = "-";
				COPY_PHASE_STRIP = NO;
				DEBUG_INFORMATION_FORMAT = "dwarf-with-dsym";
				ENABLE_NS_ASSERTIONS = NO;
				ENABLE_STRICT_OBJC_MSGSEND = YES;
				"FRAMEWORK_SEARCH_PATHS[arch=*]" = /Library/Frameworks/;
				GCC_C_LANGUAGE_STANDARD = gnu99;
				GCC_NO_COMMON_BLOCKS = YES;
				GCC_WARN_64_TO_32_BIT_CONVERSION = YES;
				GCC_WARN_ABOUT_RETURN_TYPE = YES_ERROR;
				GCC_WARN_UNDECLARED_SELECTOR = YES;
				GCC_WARN_UNINITIALIZED_AUTOS = YES_AGGRESSIVE;
				GCC_WARN_UNUSED_FUNCTION = YES;
				GCC_WARN_UNUSED_VARIABLE = YES;
				"HEADER_SEARCH_PATHS[arch=*]" = "";
				MACOSX_DEPLOYMENT_TARGET = 10.11;
				MTL_ENABLE_DEBUG_INFO = NO;
				SDKROOT = macosx;
				"SYSTEM_FRAMEWORK_SEARCH_PATHS[arch=*]" = "";
			};
			name = Release;
		};
/* End XCBuildConfiguration section */

/* Begin XCConfigurationList section */
		4D23208325D79F92002F27C3 /* Build configuration list for PBXNativeTarget "mHarris" */ = {
			isa = XCConfigurationList;
			buildConfigurations = (
				4D23208425D79F92002F27C3 /* Debug */,
				4D23208525D79F92002F27C3 /* Release */,
			);
			defaultConfigurationIsVisible = 0;
			defaultConfigurationName = Release;
		};
		92C2CF1721B8D3CA00EABD49 /* Build configuration list for PBXProject "mHarris" */ = {
			isa = XCConfigurationList;
			buildConfigurations = (
				92C2CF2E21B8D3CC00EABD49 /* Debug */,
				92C2CF2F21B8D3CC00EABD49 /* Release */,
			);
			defaultConfigurationIsVisible = 0;
			defaultConfigurationName = Release;
		};
/* End XCConfigurationList section */
	};
	rootObject = 92C2CF1421B8D3CA00EABD49 /* Project object */;
}
