// !$*UTF8*$!
{
	archiveVersion = 1;
	classes = {
	};
	objectVersion = 46;
	objects = {

/* Begin PBXBuildFile section */
		922B480F21CB613E003C51A3 /* QTViewController.m in Sources */ = {isa = PBXBuildFile; fileRef = 922B480E21CB613E003C51A3 /* QTViewController.m */; };
		922B481121D5A831003C51A3 /* QTKit.framework in Frameworks */ = {isa = PBXBuildFile; fileRef = 922B481021D5A831003C51A3 /* QTKit.framework */; };
		922E8E7521BE509300552383 /* SearchController.m in Sources */ = {isa = PBXBuildFile; fileRef = 922E8E7421BE509300552383 /* SearchController.m */; };
		922E8E7821BF4CBD00552383 /* PublishController.m in Sources */ = {isa = PBXBuildFile; fileRef = 922E8E7721BF4CBD00552383 /* PublishController.m */; };
		922E8E7B21BF6E3600552383 /* PreviewController.m in Sources */ = {isa = PBXBuildFile; fileRef = 922E8E7A21BF6E3600552383 /* PreviewController.m */; };
		922E8E7D21BF6EDB00552383 /* AVKit.framework in Frameworks */ = {isa = PBXBuildFile; fileRef = 922E8E7C21BF6EDB00552383 /* AVKit.framework */; };
		922E8E7F21BF72C600552383 /* AVFoundation.framework in Frameworks */ = {isa = PBXBuildFile; fileRef = 922E8E7E21BF72C600552383 /* AVFoundation.framework */; };
		922E8E8121BF88E800552383 /* PGSQLKit.framework in Frameworks */ = {isa = PBXBuildFile; fileRef = 922F5F5B21B8D51A001FC1FF /* PGSQLKit.framework */; };
		922E8E8421BF89D000552383 /* PGSQLKit.framework in Embed Frameworks */ = {isa = PBXBuildFile; fileRef = 922F5F5B21B8D51A001FC1FF /* PGSQLKit.framework */; settings = {ATTRIBUTES = (CodeSignOnCopy, RemoveHeadersOnCopy, ); }; };
		922F5F5621B8D464001FC1FF /* BrowseActionListener.m in Sources */ = {isa = PBXBuildFile; fileRef = 922F5F4E21B8D464001FC1FF /* BrowseActionListener.m */; };
		922F5F5721B8D464001FC1FF /* Harris.m in Sources */ = {isa = PBXBuildFile; fileRef = 922F5F5021B8D464001FC1FF /* Harris.m */; };
		922F5F5821B8D464001FC1FF /* HarrisPrefsController.m in Sources */ = {isa = PBXBuildFile; fileRef = 922F5F5221B8D464001FC1FF /* HarrisPrefsController.m */; };
		922F5F6121BDE04E001FC1FF /* libcurl.4.dylib in Frameworks */ = {isa = PBXBuildFile; fileRef = 922F5F6021BDE04E001FC1FF /* libcurl.4.dylib */; };
		922F5F6421BE1CC2001FC1FF /* DownloadController.m in Sources */ = {isa = PBXBuildFile; fileRef = 922F5F6321BE1CC2001FC1FF /* DownloadController.m */; };
		9273337021E8195A001B1600 /* MHPlayerView.h in Headers */ = {isa = PBXBuildFile; fileRef = 9273336E21E8195A001B1600 /* MHPlayerView.h */; };
		9273337121E8195A001B1600 /* MHPlayerView.m in Sources */ = {isa = PBXBuildFile; fileRef = 9273336F21E8195A001B1600 /* MHPlayerView.m */; };
		927A130C21C9F580007E88D9 /* SearchTable.m in Sources */ = {isa = PBXBuildFile; fileRef = 927A130B21C9F580007E88D9 /* SearchTable.m */; };
		928C5DDB21C241C50040F4C0 /* SDAVAssetExportSession.m in Sources */ = {isa = PBXBuildFile; fileRef = 928C5DDA21C241C50040F4C0 /* SDAVAssetExportSession.m */; };
		92C2CF2121B8D3CC00EABD49 /* AppDelegate.m in Sources */ = {isa = PBXBuildFile; fileRef = 92C2CF2021B8D3CC00EABD49 /* AppDelegate.m */; };
		92C2CF2421B8D3CC00EABD49 /* main.m in Sources */ = {isa = PBXBuildFile; fileRef = 92C2CF2321B8D3CC00EABD49 /* main.m */; };
		92C2CF2921B8D3CC00EABD49 /* Assets.xcassets in Resources */ = {isa = PBXBuildFile; fileRef = 92C2CF2821B8D3CC00EABD49 /* Assets.xcassets */; };
		92C2CF2C21B8D3CC00EABD49 /* Main.storyboard in Resources */ = {isa = PBXBuildFile; fileRef = 92C2CF2A21B8D3CC00EABD49 /* Main.storyboard */; };
/* End PBXBuildFile section */

/* Begin PBXCopyFilesBuildPhase section */
		922E8E8321BF88E800552383 /* Embed Frameworks */ = {
			isa = PBXCopyFilesBuildPhase;
			buildActionMask = 12;
			dstPath = "";
			dstSubfolderSpec = 10;
			files = (
				922E8E8421BF89D000552383 /* PGSQLKit.framework in Embed Frameworks */,
			);
			name = "Embed Frameworks";
			runOnlyForDeploymentPostprocessing = 0;
		};
/* End PBXCopyFilesBuildPhase section */

/* Begin PBXFileReference section */
		922B480D21CB613E003C51A3 /* QTViewController.h */ = {isa = PBXFileReference; fileEncoding = 4; lastKnownFileType = sourcecode.c.h; path = QTViewController.h; sourceTree = "<group>"; };
		922B480E21CB613E003C51A3 /* QTViewController.m */ = {isa = PBXFileReference; fileEncoding = 4; lastKnownFileType = sourcecode.c.objc; path = QTViewController.m; sourceTree = "<group>"; };
		922B481021D5A831003C51A3 /* QTKit.framework */ = {isa = PBXFileReference; lastKnownFileType = wrapper.framework; name = QTKit.framework; path = System/Library/Frameworks/QTKit.framework; sourceTree = SDKROOT; };
		922E8E7321BE509300552383 /* SearchController.h */ = {isa = PBXFileReference; fileEncoding = 4; lastKnownFileType = sourcecode.c.h; path = SearchController.h; sourceTree = "<group>"; };
		922E8E7421BE509300552383 /* SearchController.m */ = {isa = PBXFileReference; fileEncoding = 4; lastKnownFileType = sourcecode.c.objc; path = SearchController.m; sourceTree = "<group>"; };
		922E8E7621BF4CBD00552383 /* PublishController.h */ = {isa = PBXFileReference; fileEncoding = 4; lastKnownFileType = sourcecode.c.h; path = PublishController.h; sourceTree = "<group>"; };
		922E8E7721BF4CBD00552383 /* PublishController.m */ = {isa = PBXFileReference; fileEncoding = 4; lastKnownFileType = sourcecode.c.objc; path = PublishController.m; sourceTree = "<group>"; };
		922E8E7921BF6E3600552383 /* PreviewController.h */ = {isa = PBXFileReference; fileEncoding = 4; lastKnownFileType = sourcecode.c.h; path = PreviewController.h; sourceTree = "<group>"; };
		922E8E7A21BF6E3600552383 /* PreviewController.m */ = {isa = PBXFileReference; fileEncoding = 4; lastKnownFileType = sourcecode.c.objc; path = PreviewController.m; sourceTree = "<group>"; };
		922E8E7C21BF6EDB00552383 /* AVKit.framework */ = {isa = PBXFileReference; lastKnownFileType = wrapper.framework; name = AVKit.framework; path = System/Library/Frameworks/AVKit.framework; sourceTree = SDKROOT; };
		922E8E7E21BF72C600552383 /* AVFoundation.framework */ = {isa = PBXFileReference; lastKnownFileType = wrapper.framework; name = AVFoundation.framework; path = System/Library/Frameworks/AVFoundation.framework; sourceTree = SDKROOT; };
		922F5F4D21B8D464001FC1FF /* BrowseActionListener.h */ = {isa = PBXFileReference; fileEncoding = 4; lastKnownFileType = sourcecode.c.h; path = BrowseActionListener.h; sourceTree = "<group>"; };
		922F5F4E21B8D464001FC1FF /* BrowseActionListener.m */ = {isa = PBXFileReference; fileEncoding = 4; lastKnownFileType = sourcecode.c.objc; path = BrowseActionListener.m; sourceTree = "<group>"; };
		922F5F4F21B8D464001FC1FF /* Harris.h */ = {isa = PBXFileReference; fileEncoding = 4; lastKnownFileType = sourcecode.c.h; path = Harris.h; sourceTree = "<group>"; };
		922F5F5021B8D464001FC1FF /* Harris.m */ = {isa = PBXFileReference; fileEncoding = 4; lastKnownFileType = sourcecode.c.objc; path = Harris.m; sourceTree = "<group>"; };
		922F5F5121B8D464001FC1FF /* HarrisPrefsController.h */ = {isa = PBXFileReference; fileEncoding = 4; lastKnownFileType = sourcecode.c.h; path = HarrisPrefsController.h; sourceTree = "<group>"; };
		922F5F5221B8D464001FC1FF /* HarrisPrefsController.m */ = {isa = PBXFileReference; fileEncoding = 4; lastKnownFileType = sourcecode.c.objc; path = HarrisPrefsController.m; sourceTree = "<group>"; };
		922F5F5321B8D464001FC1FF /* iHarris.entitlements */ = {isa = PBXFileReference; fileEncoding = 4; lastKnownFileType = text.plist.entitlements; path = iHarris.entitlements; sourceTree = "<group>"; };
		922F5F5B21B8D51A001FC1FF /* PGSQLKit.framework */ = {isa = PBXFileReference; lastKnownFileType = wrapper.framework; name = PGSQLKit.framework; path = ../../../../Library/Frameworks/PGSQLKit.framework; sourceTree = "<group>"; };
		922F5F6021BDE04E001FC1FF /* libcurl.4.dylib */ = {isa = PBXFileReference; lastKnownFileType = "compiled.mach-o.dylib"; name = libcurl.4.dylib; path = ../../../../usr/lib/libcurl.4.dylib; sourceTree = "<group>"; };
		922F5F6221BE1CC2001FC1FF /* DownloadController.h */ = {isa = PBXFileReference; fileEncoding = 4; lastKnownFileType = sourcecode.c.h; path = DownloadController.h; sourceTree = "<group>"; };
		922F5F6321BE1CC2001FC1FF /* DownloadController.m */ = {isa = PBXFileReference; fileEncoding = 4; lastKnownFileType = sourcecode.c.objc; path = DownloadController.m; sourceTree = "<group>"; };
		9273336E21E8195A001B1600 /* MHPlayerView.h */ = {isa = PBXFileReference; fileEncoding = 4; lastKnownFileType = sourcecode.c.h; path = MHPlayerView.h; sourceTree = "<group>"; };
		9273336F21E8195A001B1600 /* MHPlayerView.m */ = {isa = PBXFileReference; fileEncoding = 4; lastKnownFileType = sourcecode.c.objc; path = MHPlayerView.m; sourceTree = "<group>"; };
		927A130A21C9F580007E88D9 /* SearchTable.h */ = {isa = PBXFileReference; fileEncoding = 4; lastKnownFileType = sourcecode.c.h; path = SearchTable.h; sourceTree = "<group>"; };
		927A130B21C9F580007E88D9 /* SearchTable.m */ = {isa = PBXFileReference; fileEncoding = 4; lastKnownFileType = sourcecode.c.objc; path = SearchTable.m; sourceTree = "<group>"; };
		928C5DD921C241C50040F4C0 /* SDAVAssetExportSession.h */ = {isa = PBXFileReference; fileEncoding = 4; lastKnownFileType = sourcecode.c.h; path = SDAVAssetExportSession.h; sourceTree = "<group>"; };
		928C5DDA21C241C50040F4C0 /* SDAVAssetExportSession.m */ = {isa = PBXFileReference; fileEncoding = 4; lastKnownFileType = sourcecode.c.objc; path = SDAVAssetExportSession.m; sourceTree = "<group>"; };
		92C2CF1C21B8D3CC00EABD49 /* iHarris.app */ = {isa = PBXFileReference; explicitFileType = wrapper.application; includeInIndex = 0; path = iHarris.app; sourceTree = BUILT_PRODUCTS_DIR; };
		92C2CF1F21B8D3CC00EABD49 /* AppDelegate.h */ = {isa = PBXFileReference; lastKnownFileType = sourcecode.c.h; path = AppDelegate.h; sourceTree = "<group>"; };
		92C2CF2021B8D3CC00EABD49 /* AppDelegate.m */ = {isa = PBXFileReference; lastKnownFileType = sourcecode.c.objc; path = AppDelegate.m; sourceTree = "<group>"; };
		92C2CF2321B8D3CC00EABD49 /* main.m */ = {isa = PBXFileReference; lastKnownFileType = sourcecode.c.objc; path = main.m; sourceTree = "<group>"; };
		92C2CF2821B8D3CC00EABD49 /* Assets.xcassets */ = {isa = PBXFileReference; lastKnownFileType = folder.assetcatalog; path = Assets.xcassets; sourceTree = "<group>"; };
		92C2CF2B21B8D3CC00EABD49 /* Base */ = {isa = PBXFileReference; lastKnownFileType = file.storyboard; name = Base; path = Base.lproj/Main.storyboard; sourceTree = "<group>"; };
		92C2CF2D21B8D3CC00EABD49 /* Info.plist */ = {isa = PBXFileReference; lastKnownFileType = text.plist.xml; path = Info.plist; sourceTree = "<group>"; };
/* End PBXFileReference section */

/* Begin PBXFrameworksBuildPhase section */
		92C2CF1921B8D3CA00EABD49 /* Frameworks */ = {
			isa = PBXFrameworksBuildPhase;
			buildActionMask = 2147483647;
			files = (
				922B481121D5A831003C51A3 /* QTKit.framework in Frameworks */,
				922E8E7F21BF72C600552383 /* AVFoundation.framework in Frameworks */,
				922E8E7D21BF6EDB00552383 /* AVKit.framework in Frameworks */,
				922F5F6121BDE04E001FC1FF /* libcurl.4.dylib in Frameworks */,
				922E8E8121BF88E800552383 /* PGSQLKit.framework in Frameworks */,
			);
			runOnlyForDeploymentPostprocessing = 0;
		};
/* End PBXFrameworksBuildPhase section */

/* Begin PBXGroup section */
		922F5F5A21B8D51A001FC1FF /* Frameworks */ = {
			isa = PBXGroup;
			children = (
				922B481021D5A831003C51A3 /* QTKit.framework */,
				922E8E7E21BF72C600552383 /* AVFoundation.framework */,
				922E8E7C21BF6EDB00552383 /* AVKit.framework */,
				922F5F6021BDE04E001FC1FF /* libcurl.4.dylib */,
				922F5F5B21B8D51A001FC1FF /* PGSQLKit.framework */,
			);
			name = Frameworks;
			sourceTree = "<group>";
		};
		92C2CF1321B8D3CA00EABD49 = {
			isa = PBXGroup;
			children = (
				9273336E21E8195A001B1600 /* MHPlayerView.h */,
				9273336F21E8195A001B1600 /* MHPlayerView.m */,
				92C2CF1E21B8D3CC00EABD49 /* mHarris */,
				92C2CF1D21B8D3CC00EABD49 /* Products */,
				922F5F5A21B8D51A001FC1FF /* Frameworks */,
			);
			sourceTree = "<group>";
		};
		92C2CF1D21B8D3CC00EABD49 /* Products */ = {
			isa = PBXGroup;
			children = (
				92C2CF1C21B8D3CC00EABD49 /* iHarris.app */,
			);
			name = Products;
			sourceTree = "<group>";
		};
		92C2CF1E21B8D3CC00EABD49 /* mHarris */ = {
			isa = PBXGroup;
			children = (
				92C2CF1F21B8D3CC00EABD49 /* AppDelegate.h */,
				92C2CF2021B8D3CC00EABD49 /* AppDelegate.m */,
				922E8E7621BF4CBD00552383 /* PublishController.h */,
				922E8E7721BF4CBD00552383 /* PublishController.m */,
				922F5F6221BE1CC2001FC1FF /* DownloadController.h */,
				922F5F6321BE1CC2001FC1FF /* DownloadController.m */,
				922E8E7321BE509300552383 /* SearchController.h */,
				922E8E7421BE509300552383 /* SearchController.m */,
				92C2CF2821B8D3CC00EABD49 /* Assets.xcassets */,
				92C2CF2A21B8D3CC00EABD49 /* Main.storyboard */,
				922E8E7921BF6E3600552383 /* PreviewController.h */,
				922E8E7A21BF6E3600552383 /* PreviewController.m */,
				928C5DD921C241C50040F4C0 /* SDAVAssetExportSession.h */,
				928C5DDA21C241C50040F4C0 /* SDAVAssetExportSession.m */,
				922F5F4D21B8D464001FC1FF /* BrowseActionListener.h */,
				922F5F4E21B8D464001FC1FF /* BrowseActionListener.m */,
				922F5F4F21B8D464001FC1FF /* Harris.h */,
				922F5F5021B8D464001FC1FF /* Harris.m */,
				922F5F5121B8D464001FC1FF /* HarrisPrefsController.h */,
				922F5F5221B8D464001FC1FF /* HarrisPrefsController.m */,
				922F5F5321B8D464001FC1FF /* iHarris.entitlements */,
				92C2CF2D21B8D3CC00EABD49 /* Info.plist */,
				92C2CF2221B8D3CC00EABD49 /* Supporting Files */,
				927A130A21C9F580007E88D9 /* SearchTable.h */,
				927A130B21C9F580007E88D9 /* SearchTable.m */,
				922B480D21CB613E003C51A3 /* QTViewController.h */,
				922B480E21CB613E003C51A3 /* QTViewController.m */,
			);
			name = mHarris;
			path = iHarris;
			sourceTree = "<group>";
		};
		92C2CF2221B8D3CC00EABD49 /* Supporting Files */ = {
			isa = PBXGroup;
			children = (
				92C2CF2321B8D3CC00EABD49 /* main.m */,
			);
			name = "Supporting Files";
			sourceTree = "<group>";
		};
/* End PBXGroup section */

/* Begin PBXHeadersBuildPhase section */
		922B481221D5AA6C003C51A3 /* Headers */ = {
			isa = PBXHeadersBuildPhase;
			buildActionMask = 2147483647;
			files = (
				9273337021E8195A001B1600 /* MHPlayerView.h in Headers */,
			);
			runOnlyForDeploymentPostprocessing = 0;
		};
/* End PBXHeadersBuildPhase section */

/* Begin PBXNativeTarget section */
		92C2CF1B21B8D3CA00EABD49 /* iHarris */ = {
			isa = PBXNativeTarget;
			buildConfigurationList = 92C2CF3021B8D3CC00EABD49 /* Build configuration list for PBXNativeTarget "iHarris" */;
			buildPhases = (
				92C2CF1821B8D3CA00EABD49 /* Sources */,
				92C2CF1921B8D3CA00EABD49 /* Frameworks */,
				92C2CF1A21B8D3CA00EABD49 /* Resources */,
				922E8E8321BF88E800552383 /* Embed Frameworks */,
				922B481221D5AA6C003C51A3 /* Headers */,
			);
			buildRules = (
			);
			dependencies = (
			);
			name = iHarris;
			productName = iHarris;
			productReference = 92C2CF1C21B8D3CC00EABD49 /* iHarris.app */;
			productType = "com.apple.product-type.application";
		};
/* End PBXNativeTarget section */

/* Begin PBXProject section */
		92C2CF1421B8D3CA00EABD49 /* Project object */ = {
			isa = PBXProject;
			attributes = {
				LastUpgradeCheck = 0820;
				ORGANIZATIONNAME = "Client Administrator";
				TargetAttributes = {
					92C2CF1B21B8D3CA00EABD49 = {
						CreatedOnToolsVersion = 8.2;
						ProvisioningStyle = Automatic;
					};
				};
			};
			buildConfigurationList = 92C2CF1721B8D3CA00EABD49 /* Build configuration list for PBXProject "iHarris" */;
			compatibilityVersion = "Xcode 3.2";
			developmentRegion = English;
			hasScannedForEncodings = 0;
			knownRegions = (
				en,
				Base,
			);
			mainGroup = 92C2CF1321B8D3CA00EABD49;
			productRefGroup = 92C2CF1D21B8D3CC00EABD49 /* Products */;
			projectDirPath = "";
			projectRoot = "";
			targets = (
				92C2CF1B21B8D3CA00EABD49 /* iHarris */,
			);
		};
/* End PBXProject section */

/* Begin PBXResourcesBuildPhase section */
		92C2CF1A21B8D3CA00EABD49 /* Resources */ = {
			isa = PBXResourcesBuildPhase;
			buildActionMask = 2147483647;
			files = (
				92C2CF2921B8D3CC00EABD49 /* Assets.xcassets in Resources */,
				92C2CF2C21B8D3CC00EABD49 /* Main.storyboard in Resources */,
			);
			runOnlyForDeploymentPostprocessing = 0;
		};
/* End PBXResourcesBuildPhase section */

/* Begin PBXSourcesBuildPhase section */
		92C2CF1821B8D3CA00EABD49 /* Sources */ = {
			isa = PBXSourcesBuildPhase;
			buildActionMask = 2147483647;
			files = (
				922E8E7821BF4CBD00552383 /* PublishController.m in Sources */,
				922F5F5821B8D464001FC1FF /* HarrisPrefsController.m in Sources */,
				9273337121E8195A001B1600 /* MHPlayerView.m in Sources */,
				922F5F5721B8D464001FC1FF /* Harris.m in Sources */,
				922E8E7B21BF6E3600552383 /* PreviewController.m in Sources */,
				92C2CF2421B8D3CC00EABD49 /* main.m in Sources */,
				928C5DDB21C241C50040F4C0 /* SDAVAssetExportSession.m in Sources */,
				92C2CF2121B8D3CC00EABD49 /* AppDelegate.m in Sources */,
				922F5F5621B8D464001FC1FF /* BrowseActionListener.m in Sources */,
				927A130C21C9F580007E88D9 /* SearchTable.m in Sources */,
				922B480F21CB613E003C51A3 /* QTViewController.m in Sources */,
				922F5F6421BE1CC2001FC1FF /* DownloadController.m in Sources */,
				922E8E7521BE509300552383 /* SearchController.m in Sources */,
			);
			runOnlyForDeploymentPostprocessing = 0;
		};
/* End PBXSourcesBuildPhase section */

/* Begin PBXVariantGroup section */
		92C2CF2A21B8D3CC00EABD49 /* Main.storyboard */ = {
			isa = PBXVariantGroup;
			children = (
				92C2CF2B21B8D3CC00EABD49 /* Base */,
			);
			name = Main.storyboard;
			sourceTree = "<group>";
		};
/* End PBXVariantGroup section */

/* Begin XCBuildConfiguration section */
		92C2CF2E21B8D3CC00EABD49 /* Debug */ = {
			isa = XCBuildConfiguration;
			buildSettings = {
				ALWAYS_SEARCH_USER_PATHS = NO;
				CLANG_ANALYZER_NONNULL = YES;
				CLANG_CXX_LANGUAGE_STANDARD = "gnu++0x";
				CLANG_CXX_LIBRARY = "libc++";
				CLANG_ENABLE_MODULES = YES;
				CLANG_ENABLE_OBJC_ARC = YES;
				CLANG_WARN_BOOL_CONVERSION = YES;
				CLANG_WARN_CONSTANT_CONVERSION = YES;
				CLANG_WARN_DIRECT_OBJC_ISA_USAGE = YES_ERROR;
				CLANG_WARN_DOCUMENTATION_COMMENTS = YES;
				CLANG_WARN_EMPTY_BODY = YES;
				CLANG_WARN_ENUM_CONVERSION = YES;
				CLANG_WARN_INFINITE_RECURSION = YES;
				CLANG_WARN_INT_CONVERSION = YES;
				CLANG_WARN_OBJC_ROOT_CLASS = YES_ERROR;
				CLANG_WARN_SUSPICIOUS_MOVE = YES;
				CLANG_WARN_UNREACHABLE_CODE = YES;
				CLANG_WARN__DUPLICATE_METHOD_MATCH = YES;
				CODE_SIGN_IDENTITY = "-";
				COPY_PHASE_STRIP = NO;
				DEBUG_INFORMATION_FORMAT = dwarf;
				ENABLE_STRICT_OBJC_MSGSEND = YES;
				ENABLE_TESTABILITY = YES;
				GCC_C_LANGUAGE_STANDARD = gnu99;
				GCC_DYNAMIC_NO_PIC = NO;
				GCC_NO_COMMON_BLOCKS = YES;
				GCC_OPTIMIZATION_LEVEL = 0;
				GCC_PREPROCESSOR_DEFINITIONS = (
					"DEBUG=1",
					"$(inherited)",
				);
				GCC_WARN_64_TO_32_BIT_CONVERSION = YES;
				GCC_WARN_ABOUT_RETURN_TYPE = YES_ERROR;
				GCC_WARN_UNDECLARED_SELECTOR = YES;
				GCC_WARN_UNINITIALIZED_AUTOS = YES_AGGRESSIVE;
				GCC_WARN_UNUSED_FUNCTION = YES;
				GCC_WARN_UNUSED_VARIABLE = YES;
				MACOSX_DEPLOYMENT_TARGET = 10.11;
				MTL_ENABLE_DEBUG_INFO = YES;
				ONLY_ACTIVE_ARCH = YES;
				SDKROOT = macosx;
			};
			name = Debug;
		};
		92C2CF2F21B8D3CC00EABD49 /* Release */ = {
			isa = XCBuildConfiguration;
			buildSettings = {
				ALWAYS_SEARCH_USER_PATHS = NO;
				CLANG_ANALYZER_NONNULL = YES;
				CLANG_CXX_LANGUAGE_STANDARD = "gnu++0x";
				CLANG_CXX_LIBRARY = "libc++";
				CLANG_ENABLE_MODULES = YES;
				CLANG_ENABLE_OBJC_ARC = YES;
				CLANG_WARN_BOOL_CONVERSION = YES;
				CLANG_WARN_CONSTANT_CONVERSION = YES;
				CLANG_WARN_DIRECT_OBJC_ISA_USAGE = YES_ERROR;
				CLANG_WARN_DOCUMENTATION_COMMENTS = YES;
				CLANG_WARN_EMPTY_BODY = YES;
				CLANG_WARN_ENUM_CONVERSION = YES;
				CLANG_WARN_INFINITE_RECURSION = YES;
				CLANG_WARN_INT_CONVERSION = YES;
				CLANG_WARN_OBJC_ROOT_CLASS = YES_ERROR;
				CLANG_WARN_SUSPICIOUS_MOVE = YES;
				CLANG_WARN_UNREACHABLE_CODE = YES;
				CLANG_WARN__DUPLICATE_METHOD_MATCH = YES;
				CODE_SIGN_IDENTITY = "-";
				COPY_PHASE_STRIP = NO;
				DEBUG_INFORMATION_FORMAT = "dwarf-with-dsym";
				ENABLE_NS_ASSERTIONS = NO;
				ENABLE_STRICT_OBJC_MSGSEND = YES;
				GCC_C_LANGUAGE_STANDARD = gnu99;
				GCC_NO_COMMON_BLOCKS = YES;
				GCC_WARN_64_TO_32_BIT_CONVERSION = YES;
				GCC_WARN_ABOUT_RETURN_TYPE = YES_ERROR;
				GCC_WARN_UNDECLARED_SELECTOR = YES;
				GCC_WARN_UNINITIALIZED_AUTOS = YES_AGGRESSIVE;
				GCC_WARN_UNUSED_FUNCTION = YES;
				GCC_WARN_UNUSED_VARIABLE = YES;
				MACOSX_DEPLOYMENT_TARGET = 10.11;
				MTL_ENABLE_DEBUG_INFO = NO;
				SDKROOT = macosx;
			};
			name = Release;
		};
		92C2CF3121B8D3CC00EABD49 /* Debug */ = {
			isa = XCBuildConfiguration;
			buildSettings = {
				ASSETCATALOG_COMPILER_APPICON_NAME = AppIcon;
				COMBINE_HIDPI_IMAGES = YES;
				FRAMEWORK_SEARCH_PATHS = (
					"$(inherited)",
					"$(LOCAL_LIBRARY_DIR)/Frameworks",
				);
				INFOPLIST_FILE = iHarris/Info.plist;
				LD_RUNPATH_SEARCH_PATHS = "$(inherited) @executable_path/../Frameworks";
				PRODUCT_BUNDLE_IDENTIFIER = com.nine.gtv.iHarris;
				PRODUCT_NAME = "$(TARGET_NAME)";
				SDKROOT = macosx10.11;
			};
			name = Debug;
		};
		92C2CF3221B8D3CC00EABD49 /* Release */ = {
			isa = XCBuildConfiguration;
			buildSettings = {
				ASSETCATALOG_COMPILER_APPICON_NAME = AppIcon;
				COMBINE_HIDPI_IMAGES = YES;
				FRAMEWORK_SEARCH_PATHS = (
					"$(inherited)",
					"$(LOCAL_LIBRARY_DIR)/Frameworks",
				);
				INFOPLIST_FILE = iHarris/Info.plist;
				LD_RUNPATH_SEARCH_PATHS = "$(inherited) @executable_path/../Frameworks";
				PRODUCT_BUNDLE_IDENTIFIER = com.nine.gtv.iHarris;
				PRODUCT_NAME = "$(TARGET_NAME)";
				SDKROOT = macosx10.11;
			};
			name = Release;
		};
/* End XCBuildConfiguration section */

/* Begin XCConfigurationList section */
		92C2CF1721B8D3CA00EABD49 /* Build configuration list for PBXProject "iHarris" */ = {
			isa = XCConfigurationList;
			buildConfigurations = (
				92C2CF2E21B8D3CC00EABD49 /* Debug */,
				92C2CF2F21B8D3CC00EABD49 /* Release */,
			);
			defaultConfigurationIsVisible = 0;
			defaultConfigurationName = Release;
		};
		92C2CF3021B8D3CC00EABD49 /* Build configuration list for PBXNativeTarget "iHarris" */ = {
			isa = XCConfigurationList;
			buildConfigurations = (
				92C2CF3121B8D3CC00EABD49 /* Debug */,
				92C2CF3221B8D3CC00EABD49 /* Release */,
			);
			defaultConfigurationIsVisible = 0;
			defaultConfigurationName = Release;
		};
/* End XCConfigurationList section */
	};
	rootObject = 92C2CF1421B8D3CA00EABD49 /* Project object */;
}
